// !$*UTF8*$!
{
	archiveVersion = 1;
	classes = {
	};
	objectVersion = 56;
	objects = {

/* Begin PBXBuildFile section */
		7CF368982996EAF000F070FC /* AppDelegate.swift in Sources */ = {isa = PBXBuildFile; fileRef = 7CF368972996EAF000F070FC /* AppDelegate.swift */; };
		7CF3689A2996EAF000F070FC /* SceneDelegate.swift in Sources */ = {isa = PBXBuildFile; fileRef = 7CF368992996EAF000F070FC /* SceneDelegate.swift */; };
		7CF3689C2996EAF000F070FC /* ViewController.swift in Sources */ = {isa = PBXBuildFile; fileRef = 7CF3689B2996EAF000F070FC /* ViewController.swift */; };
		7CF3689F2996EAF000F070FC /* Main.storyboard in Resources */ = {isa = PBXBuildFile; fileRef = 7CF3689D2996EAF000F070FC /* Main.storyboard */; };
		7CF368A12996EAF100F070FC /* Assets.xcassets in Resources */ = {isa = PBXBuildFile; fileRef = 7CF368A02996EAF100F070FC /* Assets.xcassets */; };
		7CF368A42996EAF100F070FC /* LaunchScreen.storyboard in Resources */ = {isa = PBXBuildFile; fileRef = 7CF368A22996EAF100F070FC /* LaunchScreen.storyboard */; };
		7CF368AF2996EAF100F070FC /* MyAdventureTests.swift in Sources */ = {isa = PBXBuildFile; fileRef = 7CF368AE2996EAF100F070FC /* MyAdventureTests.swift */; };
		7CF368B92996EAF200F070FC /* MyAdventureUITests.swift in Sources */ = {isa = PBXBuildFile; fileRef = 7CF368B82996EAF200F070FC /* MyAdventureUITests.swift */; };
		7CF368BB2996EAF200F070FC /* MyAdventureUITestsLaunchTests.swift in Sources */ = {isa = PBXBuildFile; fileRef = 7CF368BA2996EAF200F070FC /* MyAdventureUITestsLaunchTests.swift */; };
		7CF368CA299709FE00F070FC /* Scene.swift in Sources */ = {isa = PBXBuildFile; fileRef = 7CF368C9299709FE00F070FC /* Scene.swift */; };
		7CF368CC29970A1900F070FC /* StoryLogic.swift in Sources */ = {isa = PBXBuildFile; fileRef = 7CF368CB29970A1900F070FC /* StoryLogic.swift */; };
/* End PBXBuildFile section */

/* Begin PBXContainerItemProxy section */
		7CF368AB2996EAF100F070FC /* PBXContainerItemProxy */ = {
			isa = PBXContainerItemProxy;
			containerPortal = 7CF3688C2996EAF000F070FC /* Project object */;
			proxyType = 1;
			remoteGlobalIDString = 7CF368932996EAF000F070FC;
			remoteInfo = MyAdventure;
		};
		7CF368B52996EAF200F070FC /* PBXContainerItemProxy */ = {
			isa = PBXContainerItemProxy;
			containerPortal = 7CF3688C2996EAF000F070FC /* Project object */;
			proxyType = 1;
			remoteGlobalIDString = 7CF368932996EAF000F070FC;
			remoteInfo = MyAdventure;
		};
/* End PBXContainerItemProxy section */

/* Begin PBXFileReference section */
		7CF368942996EAF000F070FC /* MyAdventure.app */ = {isa = PBXFileReference; explicitFileType = wrapper.application; includeInIndex = 0; path = MyAdventure.app; sourceTree = BUILT_PRODUCTS_DIR; };
		7CF368972996EAF000F070FC /* AppDelegate.swift */ = {isa = PBXFileReference; lastKnownFileType = sourcecode.swift; path = AppDelegate.swift; sourceTree = "<group>"; };
		7CF368992996EAF000F070FC /* SceneDelegate.swift */ = {isa = PBXFileReference; lastKnownFileType = sourcecode.swift; path = SceneDelegate.swift; sourceTree = "<group>"; };
		7CF3689B2996EAF000F070FC /* ViewController.swift */ = {isa = PBXFileReference; lastKnownFileType = sourcecode.swift; path = ViewController.swift; sourceTree = "<group>"; };
		7CF3689E2996EAF000F070FC /* Base */ = {isa = PBXFileReference; lastKnownFileType = file.storyboard; name = Base; path = Base.lproj/Main.storyboard; sourceTree = "<group>"; };
		7CF368A02996EAF100F070FC /* Assets.xcassets */ = {isa = PBXFileReference; lastKnownFileType = folder.assetcatalog; path = Assets.xcassets; sourceTree = "<group>"; };
		7CF368A32996EAF100F070FC /* Base */ = {isa = PBXFileReference; lastKnownFileType = file.storyboard; name = Base; path = Base.lproj/LaunchScreen.storyboard; sourceTree = "<group>"; };
		7CF368A52996EAF100F070FC /* Info.plist */ = {isa = PBXFileReference; lastKnownFileType = text.plist.xml; path = Info.plist; sourceTree = "<group>"; };
		7CF368AA2996EAF100F070FC /* MyAdventureTests.xctest */ = {isa = PBXFileReference; explicitFileType = wrapper.cfbundle; includeInIndex = 0; path = MyAdventureTests.xctest; sourceTree = BUILT_PRODUCTS_DIR; };
		7CF368AE2996EAF100F070FC /* MyAdventureTests.swift */ = {isa = PBXFileReference; lastKnownFileType = sourcecode.swift; path = MyAdventureTests.swift; sourceTree = "<group>"; };
		7CF368B42996EAF200F070FC /* MyAdventureUITests.xctest */ = {isa = PBXFileReference; explicitFileType = wrapper.cfbundle; includeInIndex = 0; path = MyAdventureUITests.xctest; sourceTree = BUILT_PRODUCTS_DIR; };
		7CF368B82996EAF200F070FC /* MyAdventureUITests.swift */ = {isa = PBXFileReference; lastKnownFileType = sourcecode.swift; path = MyAdventureUITests.swift; sourceTree = "<group>"; };
		7CF368BA2996EAF200F070FC /* MyAdventureUITestsLaunchTests.swift */ = {isa = PBXFileReference; lastKnownFileType = sourcecode.swift; path = MyAdventureUITestsLaunchTests.swift; sourceTree = "<group>"; };
		7CF368C9299709FE00F070FC /* Scene.swift */ = {isa = PBXFileReference; lastKnownFileType = sourcecode.swift; path = Scene.swift; sourceTree = "<group>"; };
		7CF368CB29970A1900F070FC /* StoryLogic.swift */ = {isa = PBXFileReference; lastKnownFileType = sourcecode.swift; path = StoryLogic.swift; sourceTree = "<group>"; };
/* End PBXFileReference section */

/* Begin PBXFrameworksBuildPhase section */
		7CF368912996EAF000F070FC /* Frameworks */ = {
			isa = PBXFrameworksBuildPhase;
			buildActionMask = 2147483647;
			files = (
			);
			runOnlyForDeploymentPostprocessing = 0;
		};
		7CF368A72996EAF100F070FC /* Frameworks */ = {
			isa = PBXFrameworksBuildPhase;
			buildActionMask = 2147483647;
			files = (
			);
			runOnlyForDeploymentPostprocessing = 0;
		};
		7CF368B12996EAF200F070FC /* Frameworks */ = {
			isa = PBXFrameworksBuildPhase;
			buildActionMask = 2147483647;
			files = (
			);
			runOnlyForDeploymentPostprocessing = 0;
		};
/* End PBXFrameworksBuildPhase section */

/* Begin PBXGroup section */
		7CF3688B2996EAF000F070FC = {
			isa = PBXGroup;
			children = (
				7CF368962996EAF000F070FC /* MyAdventure */,
				7CF368AD2996EAF100F070FC /* MyAdventureTests */,
				7CF368B72996EAF200F070FC /* MyAdventureUITests */,
				7CF368952996EAF000F070FC /* Products */,
			);
			sourceTree = "<group>";
		};
		7CF368952996EAF000F070FC /* Products */ = {
			isa = PBXGroup;
			children = (
				7CF368942996EAF000F070FC /* MyAdventure.app */,
				7CF368AA2996EAF100F070FC /* MyAdventureTests.xctest */,
				7CF368B42996EAF200F070FC /* MyAdventureUITests.xctest */,
			);
			name = Products;
			sourceTree = "<group>";
		};
		7CF368962996EAF000F070FC /* MyAdventure */ = {
			isa = PBXGroup;
			children = (
				7CF368972996EAF000F070FC /* AppDelegate.swift */,
				7CF368992996EAF000F070FC /* SceneDelegate.swift */,
				7CF368CD29970A2200F070FC /* Model */,
				7CF368CE29970A4D00F070FC /* View */,
				7CF3689D2996EAF000F070FC /* Main.storyboard */,
				7CF368A02996EAF100F070FC /* Assets.xcassets */,
				7CF368A22996EAF100F070FC /* LaunchScreen.storyboard */,
				7CF368A52996EAF100F070FC /* Info.plist */,
			);
			path = MyAdventure;
			sourceTree = "<group>";
		};
		7CF368AD2996EAF100F070FC /* MyAdventureTests */ = {
			isa = PBXGroup;
			children = (
				7CF368AE2996EAF100F070FC /* MyAdventureTests.swift */,
			);
			path = MyAdventureTests;
			sourceTree = "<group>";
		};
		7CF368B72996EAF200F070FC /* MyAdventureUITests */ = {
			isa = PBXGroup;
			children = (
				7CF368B82996EAF200F070FC /* MyAdventureUITests.swift */,
				7CF368BA2996EAF200F070FC /* MyAdventureUITestsLaunchTests.swift */,
			);
			path = MyAdventureUITests;
			sourceTree = "<group>";
		};
		7CF368CD29970A2200F070FC /* Model */ = {
			isa = PBXGroup;
			children = (
				7CF368C9299709FE00F070FC /* Scene.swift */,
				7CF368CB29970A1900F070FC /* StoryLogic.swift */,
			);
			path = Model;
			sourceTree = "<group>";
		};
		7CF368CE29970A4D00F070FC /* View */ = {
			isa = PBXGroup;
			children = (
				7CF3689B2996EAF000F070FC /* ViewController.swift */,
			);
			path = View;
			sourceTree = "<group>";
		};
/* End PBXGroup section */

/* Begin PBXNativeTarget section */
		7CF368932996EAF000F070FC /* MyAdventure */ = {
			isa = PBXNativeTarget;
			buildConfigurationList = 7CF368BE2996EAF200F070FC /* Build configuration list for PBXNativeTarget "MyAdventure" */;
			buildPhases = (
				7CF368902996EAF000F070FC /* Sources */,
				7CF368912996EAF000F070FC /* Frameworks */,
				7CF368922996EAF000F070FC /* Resources */,
			);
			buildRules = (
			);
			dependencies = (
			);
			name = MyAdventure;
			productName = MyAdventure;
			productReference = 7CF368942996EAF000F070FC /* MyAdventure.app */;
			productType = "com.apple.product-type.application";
		};
		7CF368A92996EAF100F070FC /* MyAdventureTests */ = {
			isa = PBXNativeTarget;
			buildConfigurationList = 7CF368C12996EAF200F070FC /* Build configuration list for PBXNativeTarget "MyAdventureTests" */;
			buildPhases = (
				7CF368A62996EAF100F070FC /* Sources */,
				7CF368A72996EAF100F070FC /* Frameworks */,
				7CF368A82996EAF100F070FC /* Resources */,
			);
			buildRules = (
			);
			dependencies = (
				7CF368AC2996EAF100F070FC /* PBXTargetDependency */,
			);
			name = MyAdventureTests;
			productName = MyAdventureTests;
			productReference = 7CF368AA2996EAF100F070FC /* MyAdventureTests.xctest */;
			productType = "com.apple.product-type.bundle.unit-test";
		};
		7CF368B32996EAF200F070FC /* MyAdventureUITests */ = {
			isa = PBXNativeTarget;
			buildConfigurationList = 7CF368C42996EAF200F070FC /* Build configuration list for PBXNativeTarget "MyAdventureUITests" */;
			buildPhases = (
				7CF368B02996EAF200F070FC /* Sources */,
				7CF368B12996EAF200F070FC /* Frameworks */,
				7CF368B22996EAF200F070FC /* Resources */,
			);
			buildRules = (
			);
			dependencies = (
				7CF368B62996EAF200F070FC /* PBXTargetDependency */,
			);
			name = MyAdventureUITests;
			productName = MyAdventureUITests;
			productReference = 7CF368B42996EAF200F070FC /* MyAdventureUITests.xctest */;
			productType = "com.apple.product-type.bundle.ui-testing";
		};
/* End PBXNativeTarget section */

/* Begin PBXProject section */
		7CF3688C2996EAF000F070FC /* Project object */ = {
			isa = PBXProject;
			attributes = {
				BuildIndependentTargetsInParallel = 1;
				LastSwiftUpdateCheck = 1420;
				LastUpgradeCheck = 1420;
				TargetAttributes = {
					7CF368932996EAF000F070FC = {
						CreatedOnToolsVersion = 14.2;
					};
					7CF368A92996EAF100F070FC = {
						CreatedOnToolsVersion = 14.2;
						TestTargetID = 7CF368932996EAF000F070FC;
					};
					7CF368B32996EAF200F070FC = {
						CreatedOnToolsVersion = 14.2;
						TestTargetID = 7CF368932996EAF000F070FC;
					};
				};
			};
			buildConfigurationList = 7CF3688F2996EAF000F070FC /* Build configuration list for PBXProject "MyAdventure" */;
			compatibilityVersion = "Xcode 14.0";
			developmentRegion = en;
			hasScannedForEncodings = 0;
			knownRegions = (
				en,
				Base,
			);
			mainGroup = 7CF3688B2996EAF000F070FC;
			productRefGroup = 7CF368952996EAF000F070FC /* Products */;
			projectDirPath = "";
			projectRoot = "";
			targets = (
				7CF368932996EAF000F070FC /* MyAdventure */,
				7CF368A92996EAF100F070FC /* MyAdventureTests */,
				7CF368B32996EAF200F070FC /* MyAdventureUITests */,
			);
		};
/* End PBXProject section */

/* Begin PBXResourcesBuildPhase section */
		7CF368922996EAF000F070FC /* Resources */ = {
			isa = PBXResourcesBuildPhase;
			buildActionMask = 2147483647;
			files = (
				7CF368A42996EAF100F070FC /* LaunchScreen.storyboard in Resources */,
				7CF368A12996EAF100F070FC /* Assets.xcassets in Resources */,
				7CF3689F2996EAF000F070FC /* Main.storyboard in Resources */,
			);
			runOnlyForDeploymentPostprocessing = 0;
		};
		7CF368A82996EAF100F070FC /* Resources */ = {
			isa = PBXResourcesBuildPhase;
			buildActionMask = 2147483647;
			files = (
			);
			runOnlyForDeploymentPostprocessing = 0;
		};
		7CF368B22996EAF200F070FC /* Resources */ = {
			isa = PBXResourcesBuildPhase;
			buildActionMask = 2147483647;
			files = (
			);
			runOnlyForDeploymentPostprocessing = 0;
		};
/* End PBXResourcesBuildPhase section */

/* Begin PBXSourcesBuildPhase section */
		7CF368902996EAF000F070FC /* Sources */ = {
			isa = PBXSourcesBuildPhase;
			buildActionMask = 2147483647;
			files = (
				7CF368CA299709FE00F070FC /* Scene.swift in Sources */,
				7CF3689C2996EAF000F070FC /* ViewController.swift in Sources */,
				7CF368CC29970A1900F070FC /* StoryLogic.swift in Sources */,
				7CF368982996EAF000F070FC /* AppDelegate.swift in Sources */,
				7CF3689A2996EAF000F070FC /* SceneDelegate.swift in Sources */,
			);
			runOnlyForDeploymentPostprocessing = 0;
		};
		7CF368A62996EAF100F070FC /* Sources */ = {
			isa = PBXSourcesBuildPhase;
			buildActionMask = 2147483647;
			files = (
				7CF368AF2996EAF100F070FC /* MyAdventureTests.swift in Sources */,
			);
			runOnlyForDeploymentPostprocessing = 0;
		};
		7CF368B02996EAF200F070FC /* Sources */ = {
			isa = PBXSourcesBuildPhase;
			buildActionMask = 2147483647;
			files = (
				7CF368B92996EAF200F070FC /* MyAdventureUITests.swift in Sources */,
				7CF368BB2996EAF200F070FC /* MyAdventureUITestsLaunchTests.swift in Sources */,
			);
			runOnlyForDeploymentPostprocessing = 0;
		};
/* End PBXSourcesBuildPhase section */

/* Begin PBXTargetDependency section */
		7CF368AC2996EAF100F070FC /* PBXTargetDependency */ = {
			isa = PBXTargetDependency;
			target = 7CF368932996EAF000F070FC /* MyAdventure */;
			targetProxy = 7CF368AB2996EAF100F070FC /* PBXContainerItemProxy */;
		};
		7CF368B62996EAF200F070FC /* PBXTargetDependency */ = {
			isa = PBXTargetDependency;
			target = 7CF368932996EAF000F070FC /* MyAdventure */;
			targetProxy = 7CF368B52996EAF200F070FC /* PBXContainerItemProxy */;
		};
/* End PBXTargetDependency section */

/* Begin PBXVariantGroup section */
		7CF3689D2996EAF000F070FC /* Main.storyboard */ = {
			isa = PBXVariantGroup;
			children = (
				7CF3689E2996EAF000F070FC /* Base */,
			);
			name = Main.storyboard;
			sourceTree = "<group>";
		};
		7CF368A22996EAF100F070FC /* LaunchScreen.storyboard */ = {
			isa = PBXVariantGroup;
			children = (
				7CF368A32996EAF100F070FC /* Base */,
			);
			name = LaunchScreen.storyboard;
			sourceTree = "<group>";
		};
/* End PBXVariantGroup section */

/* Begin XCBuildConfiguration section */
		7CF368BC2996EAF200F070FC /* Debug */ = {
			isa = XCBuildConfiguration;
			buildSettings = {
				ALWAYS_SEARCH_USER_PATHS = NO;
				CLANG_ANALYZER_NONNULL = YES;
				CLANG_ANALYZER_NUMBER_OBJECT_CONVERSION = YES_AGGRESSIVE;
				CLANG_CXX_LANGUAGE_STANDARD = "gnu++20";
				CLANG_ENABLE_MODULES = YES;
				CLANG_ENABLE_OBJC_ARC = YES;
				CLANG_ENABLE_OBJC_WEAK = YES;
				CLANG_WARN_BLOCK_CAPTURE_AUTORELEASING = YES;
				CLANG_WARN_BOOL_CONVERSION = YES;
				CLANG_WARN_COMMA = YES;
				CLANG_WARN_CONSTANT_CONVERSION = YES;
				CLANG_WARN_DEPRECATED_OBJC_IMPLEMENTATIONS = YES;
				CLANG_WARN_DIRECT_OBJC_ISA_USAGE = YES_ERROR;
				CLANG_WARN_DOCUMENTATION_COMMENTS = YES;
				CLANG_WARN_EMPTY_BODY = YES;
				CLANG_WARN_ENUM_CONVERSION = YES;
				CLANG_WARN_INFINITE_RECURSION = YES;
				CLANG_WARN_INT_CONVERSION = YES;
				CLANG_WARN_NON_LITERAL_NULL_CONVERSION = YES;
				CLANG_WARN_OBJC_IMPLICIT_RETAIN_SELF = YES;
				CLANG_WARN_OBJC_LITERAL_CONVERSION = YES;
				CLANG_WARN_OBJC_ROOT_CLASS = YES_ERROR;
				CLANG_WARN_QUOTED_INCLUDE_IN_FRAMEWORK_HEADER = YES;
				CLANG_WARN_RANGE_LOOP_ANALYSIS = YES;
				CLANG_WARN_STRICT_PROTOTYPES = YES;
				CLANG_WARN_SUSPICIOUS_MOVE = YES;
				CLANG_WARN_UNGUARDED_AVAILABILITY = YES_AGGRESSIVE;
				CLANG_WARN_UNREACHABLE_CODE = YES;
				CLANG_WARN__DUPLICATE_METHOD_MATCH = YES;
				COPY_PHASE_STRIP = NO;
				DEBUG_INFORMATION_FORMAT = dwarf;
				ENABLE_STRICT_OBJC_MSGSEND = YES;
				ENABLE_TESTABILITY = YES;
				GCC_C_LANGUAGE_STANDARD = gnu11;
				GCC_DYNAMIC_NO_PIC = NO;
				GCC_NO_COMMON_BLOCKS = YES;
				GCC_OPTIMIZATION_LEVEL = 0;
				GCC_PREPROCESSOR_DEFINITIONS = (
					"DEBUG=1",
					"$(inherited)",
				);
				GCC_WARN_64_TO_32_BIT_CONVERSION = YES;
				GCC_WARN_ABOUT_RETURN_TYPE = YES_ERROR;
				GCC_WARN_UNDECLARED_SELECTOR = YES;
				GCC_WARN_UNINITIALIZED_AUTOS = YES_AGGRESSIVE;
				GCC_WARN_UNUSED_FUNCTION = YES;
				GCC_WARN_UNUSED_VARIABLE = YES;
				IPHONEOS_DEPLOYMENT_TARGET = 16.2;
				MTL_ENABLE_DEBUG_INFO = INCLUDE_SOURCE;
				MTL_FAST_MATH = YES;
				ONLY_ACTIVE_ARCH = YES;
				SDKROOT = iphoneos;
				SWIFT_ACTIVE_COMPILATION_CONDITIONS = DEBUG;
				SWIFT_OPTIMIZATION_LEVEL = "-Onone";
			};
			name = Debug;
		};
		7CF368BD2996EAF200F070FC /* Release */ = {
			isa = XCBuildConfiguration;
			buildSettings = {
				ALWAYS_SEARCH_USER_PATHS = NO;
				CLANG_ANALYZER_NONNULL = YES;
				CLANG_ANALYZER_NUMBER_OBJECT_CONVERSION = YES_AGGRESSIVE;
				CLANG_CXX_LANGUAGE_STANDARD = "gnu++20";
				CLANG_ENABLE_MODULES = YES;
				CLANG_ENABLE_OBJC_ARC = YES;
				CLANG_ENABLE_OBJC_WEAK = YES;
				CLANG_WARN_BLOCK_CAPTURE_AUTORELEASING = YES;
				CLANG_WARN_BOOL_CONVERSION = YES;
				CLANG_WARN_COMMA = YES;
				CLANG_WARN_CONSTANT_CONVERSION = YES;
				CLANG_WARN_DEPRECATED_OBJC_IMPLEMENTATIONS = YES;
				CLANG_WARN_DIRECT_OBJC_ISA_USAGE = YES_ERROR;
				CLANG_WARN_DOCUMENTATION_COMMENTS = YES;
				CLANG_WARN_EMPTY_BODY = YES;
				CLANG_WARN_ENUM_CONVERSION = YES;
				CLANG_WARN_INFINITE_RECURSION = YES;
				CLANG_WARN_INT_CONVERSION = YES;
				CLANG_WARN_NON_LITERAL_NULL_CONVERSION = YES;
				CLANG_WARN_OBJC_IMPLICIT_RETAIN_SELF = YES;
				CLANG_WARN_OBJC_LITERAL_CONVERSION = YES;
				CLANG_WARN_OBJC_ROOT_CLASS = YES_ERROR;
				CLANG_WARN_QUOTED_INCLUDE_IN_FRAMEWORK_HEADER = YES;
				CLANG_WARN_RANGE_LOOP_ANALYSIS = YES;
				CLANG_WARN_STRICT_PROTOTYPES = YES;
				CLANG_WARN_SUSPICIOUS_MOVE = YES;
				CLANG_WARN_UNGUARDED_AVAILABILITY = YES_AGGRESSIVE;
				CLANG_WARN_UNREACHABLE_CODE = YES;
				CLANG_WARN__DUPLICATE_METHOD_MATCH = YES;
				COPY_PHASE_STRIP = NO;
				DEBUG_INFORMATION_FORMAT = "dwarf-with-dsym";
				ENABLE_NS_ASSERTIONS = NO;
				ENABLE_STRICT_OBJC_MSGSEND = YES;
				GCC_C_LANGUAGE_STANDARD = gnu11;
				GCC_NO_COMMON_BLOCKS = YES;
				GCC_WARN_64_TO_32_BIT_CONVERSION = YES;
				GCC_WARN_ABOUT_RETURN_TYPE = YES_ERROR;
				GCC_WARN_UNDECLARED_SELECTOR = YES;
				GCC_WARN_UNINITIALIZED_AUTOS = YES_AGGRESSIVE;
				GCC_WARN_UNUSED_FUNCTION = YES;
				GCC_WARN_UNUSED_VARIABLE = YES;
				IPHONEOS_DEPLOYMENT_TARGET = 16.2;
				MTL_ENABLE_DEBUG_INFO = NO;
				MTL_FAST_MATH = YES;
				SDKROOT = iphoneos;
				SWIFT_COMPILATION_MODE = wholemodule;
				SWIFT_OPTIMIZATION_LEVEL = "-O";
				VALIDATE_PRODUCT = YES;
			};
			name = Release;
		};
		7CF368BF2996EAF200F070FC /* Debug */ = {
			isa = XCBuildConfiguration;
			buildSettings = {
				ASSETCATALOG_COMPILER_APPICON_NAME = AppIcon;
				ASSETCATALOG_COMPILER_GLOBAL_ACCENT_COLOR_NAME = AccentColor;
				CODE_SIGN_STYLE = Automatic;
				CURRENT_PROJECT_VERSION = 1;
				DEVELOPMENT_TEAM = 4F65J6KWHG;
				GENERATE_INFOPLIST_FILE = YES;
				INFOPLIST_FILE = MyAdventure/Info.plist;
				INFOPLIST_KEY_UIApplicationSupportsIndirectInputEvents = YES;
				INFOPLIST_KEY_UILaunchStoryboardName = LaunchScreen.storyboard;
				INFOPLIST_KEY_UIMainStoryboardFile = Main;
				INFOPLIST_KEY_UISupportedInterfaceOrientations_iPad = "UIInterfaceOrientationPortrait UIInterfaceOrientationPortraitUpsideDown UIInterfaceOrientationLandscapeLeft UIInterfaceOrientationLandscapeRight";
				INFOPLIST_KEY_UISupportedInterfaceOrientations_iPhone = "UIInterfaceOrientationPortrait UIInterfaceOrientationLandscapeLeft UIInterfaceOrientationLandscapeRight";
				LD_RUNPATH_SEARCH_PATHS = (
					"$(inherited)",
					"@executable_path/Frameworks",
				);
				MARKETING_VERSION = 1.0;
				PRODUCT_BUNDLE_IDENTIFIER = djh0057.MyAdventure;
				PRODUCT_NAME = "$(TARGET_NAME)";
				SWIFT_EMIT_LOC_STRINGS = YES;
				SWIFT_VERSION = 5.0;
				TARGETED_DEVICE_FAMILY = "1,2";
			};
			name = Debug;
		};
		7CF368C02996EAF200F070FC /* Release */ = {
			isa = XCBuildConfiguration;
			buildSettings = {
				ASSETCATALOG_COMPILER_APPICON_NAME = AppIcon;
				ASSETCATALOG_COMPILER_GLOBAL_ACCENT_COLOR_NAME = AccentColor;
				CODE_SIGN_STYLE = Automatic;
				CURRENT_PROJECT_VERSION = 1;
				DEVELOPMENT_TEAM = 4F65J6KWHG;
				GENERATE_INFOPLIST_FILE = YES;
				INFOPLIST_FILE = MyAdventure/Info.plist;
				INFOPLIST_KEY_UIApplicationSupportsIndirectInputEvents = YES;
				INFOPLIST_KEY_UILaunchStoryboardName = LaunchScreen.storyboard;
				INFOPLIST_KEY_UIMainStoryboardFile = Main;
				INFOPLIST_KEY_UISupportedInterfaceOrientations_iPad = "UIInterfaceOrientationPortrait UIInterfaceOrientationPortraitUpsideDown UIInterfaceOrientationLandscapeLeft UIInterfaceOrientationLandscapeRight";
				INFOPLIST_KEY_UISupportedInterfaceOrientations_iPhone = "UIInterfaceOrientationPortrait UIInterfaceOrientationLandscapeLeft UIInterfaceOrientationLandscapeRight";
				LD_RUNPATH_SEARCH_PATHS = (
					"$(inherited)",
					"@executable_path/Frameworks",
				);
				MARKETING_VERSION = 1.0;
				PRODUCT_BUNDLE_IDENTIFIER = djh0057.MyAdventure;
				PRODUCT_NAME = "$(TARGET_NAME)";
				SWIFT_EMIT_LOC_STRINGS = YES;
				SWIFT_VERSION = 5.0;
				TARGETED_DEVICE_FAMILY = "1,2";
			};
			name = Release;
		};
		7CF368C22996EAF200F070FC /* Debug */ = {
			isa = XCBuildConfiguration;
			buildSettings = {
				ALWAYS_EMBED_SWIFT_STANDARD_LIBRARIES = YES;
				BUNDLE_LOADER = "$(TEST_HOST)";
				CODE_SIGN_STYLE = Automatic;
				CURRENT_PROJECT_VERSION = 1;
				DEVELOPMENT_TEAM = 4F65J6KWHG;
				GENERATE_INFOPLIST_FILE = YES;
				IPHONEOS_DEPLOYMENT_TARGET = 16.2;
				MARKETING_VERSION = 1.0;
				PRODUCT_BUNDLE_IDENTIFIER = djh0057.MyAdventureTests;
				PRODUCT_NAME = "$(TARGET_NAME)";
				SWIFT_EMIT_LOC_STRINGS = NO;
				SWIFT_VERSION = 5.0;
				TARGETED_DEVICE_FAMILY = "1,2";
				TEST_HOST = "$(BUILT_PRODUCTS_DIR)/MyAdventure.app/$(BUNDLE_EXECUTABLE_FOLDER_PATH)/MyAdventure";
			};
			name = Debug;
		};
		7CF368C32996EAF200F070FC /* Release */ = {
			isa = XCBuildConfiguration;
			buildSettings = {
				ALWAYS_EMBED_SWIFT_STANDARD_LIBRARIES = YES;
				BUNDLE_LOADER = "$(TEST_HOST)";
				CODE_SIGN_STYLE = Automatic;
				CURRENT_PROJECT_VERSION = 1;
				DEVELOPMENT_TEAM = 4F65J6KWHG;
				GENERATE_INFOPLIST_FILE = YES;
				IPHONEOS_DEPLOYMENT_TARGET = 16.2;
				MARKETING_VERSION = 1.0;
				PRODUCT_BUNDLE_IDENTIFIER = djh0057.MyAdventureTests;
				PRODUCT_NAME = "$(TARGET_NAME)";
				SWIFT_EMIT_LOC_STRINGS = NO;
				SWIFT_VERSION = 5.0;
				TARGETED_DEVICE_FAMILY = "1,2";
				TEST_HOST = "$(BUILT_PRODUCTS_DIR)/MyAdventure.app/$(BUNDLE_EXECUTABLE_FOLDER_PATH)/MyAdventure";
			};
			name = Release;
		};
		7CF368C52996EAF200F070FC /* Debug */ = {
			isa = XCBuildConfiguration;
			buildSettings = {
				ALWAYS_EMBED_SWIFT_STANDARD_LIBRARIES = YES;
				CODE_SIGN_STYLE = Automatic;
				CURRENT_PROJECT_VERSION = 1;
				DEVELOPMENT_TEAM = 4F65J6KWHG;
				GENERATE_INFOPLIST_FILE = YES;
				MARKETING_VERSION = 1.0;
				PRODUCT_BUNDLE_IDENTIFIER = djh0057.MyAdventureUITests;
				PRODUCT_NAME = "$(TARGET_NAME)";
				SWIFT_EMIT_LOC_STRINGS = NO;
				SWIFT_VERSION = 5.0;
				TARGETED_DEVICE_FAMILY = "1,2";
				TEST_TARGET_NAME = MyAdventure;
			};
			name = Debug;
		};
		7CF368C62996EAF200F070FC /* Release */ = {
			isa = XCBuildConfiguration;
			buildSettings = {
				ALWAYS_EMBED_SWIFT_STANDARD_LIBRARIES = YES;
				CODE_SIGN_STYLE = Automatic;
				CURRENT_PROJECT_VERSION = 1;
				DEVELOPMENT_TEAM = 4F65J6KWHG;
				GENERATE_INFOPLIST_FILE = YES;
				MARKETING_VERSION = 1.0;
				PRODUCT_BUNDLE_IDENTIFIER = djh0057.MyAdventureUITests;
				PRODUCT_NAME = "$(TARGET_NAME)";
				SWIFT_EMIT_LOC_STRINGS = NO;
				SWIFT_VERSION = 5.0;
				TARGETED_DEVICE_FAMILY = "1,2";
				TEST_TARGET_NAME = MyAdventure;
			};
			name = Release;
		};
/* End XCBuildConfiguration section */

/* Begin XCConfigurationList section */
		7CF3688F2996EAF000F070FC /* Build configuration list for PBXProject "MyAdventure" */ = {
			isa = XCConfigurationList;
			buildConfigurations = (
				7CF368BC2996EAF200F070FC /* Debug */,
				7CF368BD2996EAF200F070FC /* Release */,
			);
			defaultConfigurationIsVisible = 0;
			defaultConfigurationName = Release;
		};
		7CF368BE2996EAF200F070FC /* Build configuration list for PBXNativeTarget "MyAdventure" */ = {
			isa = XCConfigurationList;
			buildConfigurations = (
				7CF368BF2996EAF200F070FC /* Debug */,
				7CF368C02996EAF200F070FC /* Release */,
			);
			defaultConfigurationIsVisible = 0;
			defaultConfigurationName = Release;
		};
		7CF368C12996EAF200F070FC /* Build configuration list for PBXNativeTarget "MyAdventureTests" */ = {
			isa = XCConfigurationList;
			buildConfigurations = (
				7CF368C22996EAF200F070FC /* Debug */,
				7CF368C32996EAF200F070FC /* Release */,
			);
			defaultConfigurationIsVisible = 0;
			defaultConfigurationName = Release;
		};
		7CF368C42996EAF200F070FC /* Build configuration list for PBXNativeTarget "MyAdventureUITests" */ = {
			isa = XCConfigurationList;
			buildConfigurations = (
				7CF368C52996EAF200F070FC /* Debug */,
				7CF368C62996EAF200F070FC /* Release */,
			);
			defaultConfigurationIsVisible = 0;
			defaultConfigurationName = Release;
		};
/* End XCConfigurationList section */
	};
	rootObject = 7CF3688C2996EAF000F070FC /* Project object */;
}
